{
  "lockfileVersion": 1,
  "dependencies": {
    "@types/chrome": {
      "version": "0.0.59",
      "resolved": "https://registry.npmjs.org/@types/chrome/-/chrome-0.0.59.tgz",
      "integrity": "sha512-wbzlTyfybnPgKDgc6krdbZW+8QPTYedWptjB4szZU4mWmhm9+Gn8yjDJQe2rM+HiYp3iTdP6yOa0kBDURStjEg==",
      "dev": true
    },
    "@types/filesystem": {
      "version": "0.0.28",
      "resolved": "https://registry.npmjs.org/@types/filesystem/-/filesystem-0.0.28.tgz",
      "integrity": "sha1-P9dzWDDyx0E8taxFeAvEWQRpew4=",
      "dev": true
    },
    "@types/filewriter": {
      "version": "0.0.28",
      "resolved": "https://registry.npmjs.org/@types/filewriter/-/filewriter-0.0.28.tgz",
      "integrity": "sha1-wFTor02d11205jq8dviFFocU1LM=",
      "dev": true
    }
  }
}
